# --------------------------------------------------------------------------
#
# MiSTer project
#
# WARNING WARNING WARNING:
# Do not add files to project in Quartus IDE! It will mess this file!
# Add the files manually to files.qip file.
#
# --------------------------------------------------------------------------

set_global_assignment -name TOP_LEVEL_ENTITY sys_top
set_global_assignment -name PARTITION_NETLIST_TYPE SOURCE -section_id Top
set_global_assignment -name PARTITION_FITTER_PRESERVATION_LEVEL PLACEMENT_AND_ROUTING -section_id Top
set_global_assignment -name PARTITION_COLOR 16764057 -section_id Top

set_global_assignment -name LAST_QUARTUS_VERSION "17.0.2 Lite Edition"

set_global_assignment -name GENERATE_RBF_FILE ON
set_global_assignment -name PROJECT_OUTPUT_DIRECTORY output_files
set_global_assignment -name NUM_PARALLEL_PROCESSORS ALL
set_global_assignment -name SAVE_DISK_SPACE OFF
# SMART_RECOMPILE stays OFF (was ON from the original import): on 2026-08-08
# it declared a 4-second "successful" compile that silently reused the
# previous netlist's db — sources, macros and sdc had all changed. A release
# flow must never be able to report success without compiling; every gate
# downstream (STA check, deploy md5) trusted that exit code.
set_global_assignment -name SMART_RECOMPILE OFF
set_global_assignment -name MIN_CORE_JUNCTION_TEMP "-40"
set_global_assignment -name MAX_CORE_JUNCTION_TEMP 100
set_global_assignment -name POWER_PRESET_COOLING_SOLUTION "23 MM HEAT SINK WITH 200 LFPM AIRFLOW"
set_global_assignment -name POWER_BOARD_THERMAL_MODEL "NONE (CONSERVATIVE)"
set_global_assignment -name TIMEQUEST_MULTICORNER_ANALYSIS OFF
set_global_assignment -name OPTIMIZE_POWER_DURING_FITTING OFF
set_global_assignment -name FINAL_PLACEMENT_OPTIMIZATION ALWAYS
set_global_assignment -name FITTER_EFFORT "STANDARD FIT"
set_global_assignment -name OPTIMIZATION_MODE "HIGH PERFORMANCE EFFORT"
set_global_assignment -name ALLOW_POWER_UP_DONT_CARE ON
set_global_assignment -name QII_AUTO_PACKED_REGISTERS NORMAL
set_global_assignment -name PHYSICAL_SYNTHESIS_COMBO_LOGIC ON
set_global_assignment -name PHYSICAL_SYNTHESIS_REGISTER_RETIMING ON
set_global_assignment -name OPTIMIZATION_TECHNIQUE SPEED
set_global_assignment -name MUX_RESTRUCTURE ON
set_global_assignment -name REMOVE_REDUNDANT_LOGIC_CELLS ON
set_global_assignment -name AUTO_DELAY_CHAINS_FOR_HIGH_FANOUT_INPUT_PINS ON
set_global_assignment -name PHYSICAL_SYNTHESIS_COMBO_LOGIC_FOR_AREA ON
set_global_assignment -name ADV_NETLIST_OPT_SYNTH_WYSIWYG_REMAP ON
set_global_assignment -name SYNTH_GATED_CLOCK_CONVERSION ON
set_global_assignment -name PRE_MAPPING_RESYNTHESIS ON
set_global_assignment -name ROUTER_CLOCKING_TOPOLOGY_ANALYSIS ON
set_global_assignment -name ECO_OPTIMIZE_TIMING ON
set_global_assignment -name PERIPHERY_TO_CORE_PLACEMENT_AND_ROUTING_OPTIMIZATION ON
set_global_assignment -name PHYSICAL_SYNTHESIS_ASYNCHRONOUS_SIGNAL_PIPELINING ON
# LOW (the inherited MacLC recipe) fails the family-sync netlist with fitter
# error 170012: 4245 LABs needed / 4191 in device, ALMs-needed 42,085/41,910 —
# LOW refuses to merge the 54 partially-used LABs. MacLC can afford LOW at 80%
# utilization; this core runs ~100% (it additionally carries the 68030 PMMU
# ~4.8k ALMs + the NuBus/mdc824 complex). Per-entity audit 2026-08-06: every
# family-shared entity fits AT OR BELOW the MacLC release numbers (swim 845 vs
# 880, cdrom_target 4.8k vs 5.8k, egret ~5.1k both) — the overflow is device
# fullness, not a port regression. HIGH = maximum register packing density.
set_global_assignment -name ALM_REGISTER_PACKING_EFFORT HIGH
set_global_assignment -name SEED 2

#set_global_assignment -name VERILOG_MACRO "MISTER_FB=1"

#enable it only if 8bit indexed mode is used in core
#set_global_assignment -name VERILOG_MACRO "MISTER_FB_PALETTE=1"

#do not enable DEBUG_NOHDMI in release!
#set_global_assignment -name VERILOG_MACRO "MISTER_DEBUG_NOHDMI=1"

# disable bilinear filtering when downscaling
#set_global_assignment -name VERILOG_MACRO "MISTER_DOWNSCALE_NN=1"

# disable adaptive scanline filtering
#set_global_assignment -name VERILOG_MACRO "MISTER_DISABLE_ADAPTIVE=1"

#use only 1MB per frame for scaler to free ~21MB DDR3 RAM
#set_global_assignment -name VERILOG_MACRO "MISTER_SMALL_VBUF=1"

# Disable YC / Composite output to save some resources
#set_global_assignment -name VERILOG_MACRO "MISTER_DISABLE_YC=1"

# Disable ALSA audio output to save some resources
#set_global_assignment -name VERILOG_MACRO "MISTER_DISABLE_ALSA=1"

# Use real 68HC05 CPU + Egret ROM instead of state machine (cuda_maclc.sv)
set_global_assignment -name VERILOG_MACRO "USE_EGRET_CPU=1"
# JTAG forensic probe deck (PSDT/PRST/PFHx/PFLX + dbg_probes): ~2.5-3.5K ALMs.
# OFF by default on the IIvi (first fit was 118% ALM; the Verilator sim is the
# primary debug surface). Uncomment for targeted hardware forensics.
# set_global_assignment -name VERILOG_MACRO "USE_DEBUG_PROBES=1"
# Display-shape fallback: built-in video as the MiSTer output (dedicated pixel
# clock) + mdc824 shrunk to 128KB. DEFAULT (macro absent) = mdc824-only:
# card IS the display (CLK_VIDEO=clk_sys), montype=7, card VRAM 384KB/8bpp.
# set_global_assignment -name VERILOG_MACRO "ONBOARD_DISPLAY=1"

# Enable the ASC FIFO + sample-output audio path (else asc.sv is a silent stub)
set_global_assignment -name VERILOG_MACRO "USE_ASC_AUDIO=1"

# DEBUG (JTAG): uncomment to add the In-System Sources & Probes instance in
# rtl/adb_device.sv. Read live in Tools > In-System Sources and Probes Editor
# (instance "ADB"): last ADB command, mouse/kbd address, last Listen-R3 payload.
# Keep COMMENTED for release builds.
# set_global_assignment -name VERILOG_MACRO "USE_ADB_ISSP=1"

# DEBUG (JTAG): uncomment to add an In-System Sources & Probes instance "AUD" in
# MacIIvi.sv on the ASC sample + a sample-tick counter, to confirm on hardware
# whether audio data is moving (counter advances) or frozen. Keep COMMENTED for release.
# set_global_assignment -name VERILOG_MACRO "USE_AUDIO_ISSP=1"

source sys/sys.tcl
set_global_assignment -name FAMILY "Cyclone V"
set_global_assignment -name DEVICE 5CSEBA6U23I7
set_global_assignment -name DEVICE_FILTER_PACKAGE UFBGA
set_global_assignment -name DEVICE_FILTER_PIN_COUNT 672
set_global_assignment -name DEVICE_FILTER_SPEED_GRADE 7
set_instance_assignment -name IO_STANDARD "3.3-V LVTTL" -to ADC_CONVST
set_instance_assignment -name IO_STANDARD "3.3-V LVTTL" -to ADC_SCK
set_instance_assignment -name IO_STANDARD "3.3-V LVTTL" -to ADC_SDI
set_instance_assignment -name IO_STANDARD "3.3-V LVTTL" -to ADC_SDO
set_location_assignment PIN_U9 -to ADC_CONVST
set_location_assignment PIN_V10 -to ADC_SCK
set_location_assignment PIN_AC4 -to ADC_SDI
set_location_assignment PIN_AD4 -to ADC_SDO
set_location_assignment PIN_U14 -to IO_SCL
set_location_assignment PIN_AG9 -to IO_SDA
set_instance_assignment -name IO_STANDARD "3.3-V LVTTL" -to IO_S*
set_instance_assignment -name WEAK_PULL_UP_RESISTOR ON -to IO_S*
set_instance_assignment -name CURRENT_STRENGTH_NEW "MAXIMUM CURRENT" -to IO_S*
set_location_assignment PIN_AF17 -to USER_IO[6]
set_location_assignment PIN_AF15 -to USER_IO[5]
set_location_assignment PIN_AG16 -to USER_IO[4]
set_location_assignment PIN_AH11 -to USER_IO[3]
set_location_assignment PIN_AH12 -to USER_IO[2]
set_location_assignment PIN_AH9 -to USER_IO[1]
set_location_assignment PIN_AG11 -to USER_IO[0]
set_instance_assignment -name IO_STANDARD "3.3-V LVTTL" -to USER_IO[*]
set_instance_assignment -name WEAK_PULL_UP_RESISTOR ON -to USER_IO[*]
set_instance_assignment -name CURRENT_STRENGTH_NEW "MAXIMUM CURRENT" -to USER_IO[*]
set_location_assignment PIN_AH7 -to SDCD_SPDIF
set_instance_assignment -name CURRENT_STRENGTH_NEW "MAXIMUM CURRENT" -to SDCD_SPDIF
set_instance_assignment -name IO_STANDARD "3.3-V LVTTL" -to SDCD_SPDIF
set_instance_assignment -name WEAK_PULL_UP_RESISTOR ON -to SDCD_SPDIF
set_location_assignment PIN_Y11 -to SDRAM_A[0]
set_location_assignment PIN_AA26 -to SDRAM_A[1]
set_location_assignment PIN_AA13 -to SDRAM_A[2]
set_location_assignment PIN_AA11 -to SDRAM_A[3]
set_location_assignment PIN_W11 -to SDRAM_A[4]
set_location_assignment PIN_Y19 -to SDRAM_A[5]
set_location_assignment PIN_AB23 -to SDRAM_A[6]
set_location_assignment PIN_AC23 -to SDRAM_A[7]
set_location_assignment PIN_AC22 -to SDRAM_A[8]
set_location_assignment PIN_C12 -to SDRAM_A[9]
set_location_assignment PIN_AB26 -to SDRAM_A[10]
set_location_assignment PIN_AD17 -to SDRAM_A[11]
set_location_assignment PIN_D12 -to SDRAM_A[12]
set_location_assignment PIN_Y17 -to SDRAM_BA[0]
set_location_assignment PIN_AB25 -to SDRAM_BA[1]
set_location_assignment PIN_V12 -to SDRAM_DQ[0]
set_location_assignment PIN_E8 -to SDRAM_DQ[1]
set_location_assignment PIN_D11 -to SDRAM_DQ[2]
set_location_assignment PIN_W12 -to SDRAM_DQ[3]
set_location_assignment PIN_AH13 -to SDRAM_DQ[4]
set_location_assignment PIN_D8 -to SDRAM_DQ[5]
set_location_assignment PIN_AH14 -to SDRAM_DQ[6]
set_location_assignment PIN_AF7 -to SDRAM_DQ[7]
set_location_assignment PIN_AE24 -to SDRAM_DQ[8]
set_location_assignment PIN_AD23 -to SDRAM_DQ[9]
set_location_assignment PIN_AE6 -to SDRAM_DQ[10]
set_location_assignment PIN_AE23 -to SDRAM_DQ[11]
set_location_assignment PIN_AG14 -to SDRAM_DQ[12]
set_location_assignment PIN_AD5 -to SDRAM_DQ[13]
set_location_assignment PIN_AF4 -to SDRAM_DQ[14]
set_location_assignment PIN_AH3 -to SDRAM_DQ[15]
set_location_assignment PIN_AG13 -to SDRAM_DQML
set_location_assignment PIN_AF13 -to SDRAM_DQMH
set_location_assignment PIN_AD20 -to SDRAM_CLK
set_location_assignment PIN_AG10 -to SDRAM_CKE
set_location_assignment PIN_AA19 -to SDRAM_nWE
set_location_assignment PIN_AA18 -to SDRAM_nCAS
set_location_assignment PIN_Y18 -to SDRAM_nCS
set_location_assignment PIN_W14 -to SDRAM_nRAS
set_instance_assignment -name IO_STANDARD "3.3-V LVTTL" -to SDRAM_*
set_instance_assignment -name CURRENT_STRENGTH_NEW "MAXIMUM CURRENT" -to SDRAM_*
set_instance_assignment -name FAST_OUTPUT_REGISTER ON -to SDRAM_*
set_instance_assignment -name FAST_OUTPUT_ENABLE_REGISTER ON -to SDRAM_DQ[*]
set_instance_assignment -name FAST_INPUT_REGISTER ON -to SDRAM_DQ[*]
set_instance_assignment -name ALLOW_SYNCH_CTRL_USAGE OFF -to *|SDRAM_*
set_location_assignment PIN_AE15 -to SD_SPI_CS
set_location_assignment PIN_AH8 -to SD_SPI_MISO
set_location_assignment PIN_AG8 -to SD_SPI_CLK
set_location_assignment PIN_U13 -to SD_SPI_MOSI
set_instance_assignment -name CURRENT_STRENGTH_NEW "MAXIMUM CURRENT" -to SD_SPI*
set_instance_assignment -name IO_STANDARD "3.3-V LVTTL" -to SD_SPI*
set_instance_assignment -name WEAK_PULL_UP_RESISTOR ON -to SD_SPI*
set_instance_assignment -name IO_STANDARD "3.3-V LVTTL" -to FPGA_CLK1_50
set_instance_assignment -name IO_STANDARD "3.3-V LVTTL" -to FPGA_CLK2_50
set_instance_assignment -name IO_STANDARD "3.3-V LVTTL" -to FPGA_CLK3_50
set_location_assignment PIN_V11 -to FPGA_CLK1_50
set_location_assignment PIN_Y13 -to FPGA_CLK2_50
set_location_assignment PIN_E11 -to FPGA_CLK3_50
set_instance_assignment -name IO_STANDARD "3.3-V LVTTL" -to HDMI_I2C_*
set_instance_assignment -name IO_STANDARD "3.3-V LVTTL" -to HDMI_I2S
set_instance_assignment -name IO_STANDARD "3.3-V LVTTL" -to HDMI_LRCLK
set_instance_assignment -name IO_STANDARD "3.3-V LVTTL" -to HDMI_MCLK
set_instance_assignment -name IO_STANDARD "3.3-V LVTTL" -to HDMI_SCLK
set_instance_assignment -name IO_STANDARD "3.3-V LVTTL" -to HDMI_TX_*
set_instance_assignment -name FAST_OUTPUT_REGISTER ON -to HDMI_TX_D[*]
set_instance_assignment -name FAST_OUTPUT_REGISTER ON -to HDMI_TX_DE
set_instance_assignment -name FAST_OUTPUT_REGISTER ON -to HDMI_TX_HS
set_instance_assignment -name FAST_OUTPUT_REGISTER ON -to HDMI_TX_VS
set_instance_assignment -name FAST_OUTPUT_REGISTER ON -to HDMI_TX_CLK
set_location_assignment PIN_U10 -to HDMI_I2C_SCL
set_location_assignment PIN_AA4 -to HDMI_I2C_SDA
set_location_assignment PIN_T13 -to HDMI_I2S
set_location_assignment PIN_T11 -to HDMI_LRCLK
set_location_assignment PIN_U11 -to HDMI_MCLK
set_location_assignment PIN_T12 -to HDMI_SCLK
set_location_assignment PIN_AG5 -to HDMI_TX_CLK
set_location_assignment PIN_AD19 -to HDMI_TX_DE
set_location_assignment PIN_AD12 -to HDMI_TX_D[0]
set_location_assignment PIN_AE12 -to HDMI_TX_D[1]
set_location_assignment PIN_W8 -to HDMI_TX_D[2]
set_location_assignment PIN_Y8 -to HDMI_TX_D[3]
set_location_assignment PIN_AD11 -to HDMI_TX_D[4]
set_location_assignment PIN_AD10 -to HDMI_TX_D[5]
set_location_assignment PIN_AE11 -to HDMI_TX_D[6]
set_location_assignment PIN_Y5 -to HDMI_TX_D[7]
set_location_assignment PIN_AF10 -to HDMI_TX_D[8]
set_location_assignment PIN_Y4 -to HDMI_TX_D[9]
set_location_assignment PIN_AE9 -to HDMI_TX_D[10]
set_location_assignment PIN_AB4 -to HDMI_TX_D[11]
set_location_assignment PIN_AE7 -to HDMI_TX_D[12]
set_location_assignment PIN_AF6 -to HDMI_TX_D[13]
set_location_assignment PIN_AF8 -to HDMI_TX_D[14]
set_location_assignment PIN_AF5 -to HDMI_TX_D[15]
set_location_assignment PIN_AE4 -to HDMI_TX_D[16]
set_location_assignment PIN_AH2 -to HDMI_TX_D[17]
set_location_assignment PIN_AH4 -to HDMI_TX_D[18]
set_location_assignment PIN_AH5 -to HDMI_TX_D[19]
set_location_assignment PIN_AH6 -to HDMI_TX_D[20]
set_location_assignment PIN_AG6 -to HDMI_TX_D[21]
set_location_assignment PIN_AF9 -to HDMI_TX_D[22]
set_location_assignment PIN_AE8 -to HDMI_TX_D[23]
set_location_assignment PIN_T8 -to HDMI_TX_HS
set_location_assignment PIN_AF11 -to HDMI_TX_INT
set_location_assignment PIN_V13 -to HDMI_TX_VS
set_instance_assignment -name IO_STANDARD "3.3-V LVTTL" -to KEY[0]
set_instance_assignment -name IO_STANDARD "3.3-V LVTTL" -to KEY[1]
set_location_assignment PIN_AH17 -to KEY[0]
set_location_assignment PIN_AH16 -to KEY[1]
set_instance_assignment -name IO_STANDARD "3.3-V LVTTL" -to LED[0]
set_instance_assignment -name IO_STANDARD "3.3-V LVTTL" -to LED[1]
set_instance_assignment -name IO_STANDARD "3.3-V LVTTL" -to LED[2]
set_instance_assignment -name IO_STANDARD "3.3-V LVTTL" -to LED[3]
set_instance_assignment -name IO_STANDARD "3.3-V LVTTL" -to LED[4]
set_instance_assignment -name IO_STANDARD "3.3-V LVTTL" -to LED[5]
set_instance_assignment -name IO_STANDARD "3.3-V LVTTL" -to LED[6]
set_instance_assignment -name IO_STANDARD "3.3-V LVTTL" -to LED[7]
set_location_assignment PIN_W15 -to LED[0]
set_location_assignment PIN_AA24 -to LED[1]
set_location_assignment PIN_V16 -to LED[2]
set_location_assignment PIN_V15 -to LED[3]
set_location_assignment PIN_AF26 -to LED[4]
set_location_assignment PIN_AE26 -to LED[5]
set_location_assignment PIN_Y16 -to LED[6]
set_location_assignment PIN_AA23 -to LED[7]
set_instance_assignment -name IO_STANDARD "3.3-V LVTTL" -to SW[0]
set_instance_assignment -name IO_STANDARD "3.3-V LVTTL" -to SW[1]
set_instance_assignment -name IO_STANDARD "3.3-V LVTTL" -to SW[2]
set_instance_assignment -name IO_STANDARD "3.3-V LVTTL" -to SW[3]
set_location_assignment PIN_Y24 -to SW[0]
set_location_assignment PIN_W24 -to SW[1]
set_location_assignment PIN_W21 -to SW[2]
set_location_assignment PIN_W20 -to SW[3]
set_hps_location_assignment HPSINTERFACEPERIPHERALSPIMASTER_X52_Y72_N111 -to spi
set_hps_location_assignment HPSINTERFACEPERIPHERALUART_X52_Y67_N111 -to uart
set_hps_location_assignment HPSINTERFACEPERIPHERALI2C_X52_Y60_N111 -to hdmi_i2c
set_global_assignment -name PRE_FLOW_SCRIPT_FILE "quartus_sh:sys/build_id.tcl"
set_global_assignment -name CDF_FILE jtag.cdf
set_global_assignment -name QIP_FILE sys/sys.qip
source sys/sys_analog.tcl
set_location_assignment PIN_AF25 -to SDIO_DAT[0]
set_location_assignment PIN_AF23 -to SDIO_DAT[1]
set_location_assignment PIN_AD26 -to SDIO_DAT[2]
set_location_assignment PIN_AF28 -to SDIO_DAT[3]
set_location_assignment PIN_AF27 -to SDIO_CMD
set_location_assignment PIN_AH26 -to SDIO_CLK
set_instance_assignment -name CURRENT_STRENGTH_NEW "MAXIMUM CURRENT" -to SDIO_*
set_instance_assignment -name IO_STANDARD "3.3-V LVTTL" -to SDIO_*
set_instance_assignment -name WEAK_PULL_UP_RESISTOR ON -to SDIO_DAT[*]
set_instance_assignment -name WEAK_PULL_UP_RESISTOR ON -to SDIO_CMD
set_location_assignment PIN_AE17 -to VGA_R[0]
set_location_assignment PIN_AE20 -to VGA_R[1]
set_location_assignment PIN_AF20 -to VGA_R[2]
set_location_assignment PIN_AH18 -to VGA_R[3]
set_location_assignment PIN_AH19 -to VGA_R[4]
set_location_assignment PIN_AF21 -to VGA_R[5]
set_location_assignment PIN_AE19 -to VGA_G[0]
set_location_assignment PIN_AG15 -to VGA_G[1]
set_location_assignment PIN_AF18 -to VGA_G[2]
set_location_assignment PIN_AG18 -to VGA_G[3]
set_location_assignment PIN_AG19 -to VGA_G[4]
set_location_assignment PIN_AG20 -to VGA_G[5]
set_location_assignment PIN_AG21 -to VGA_B[0]
set_location_assignment PIN_AA20 -to VGA_B[1]
set_location_assignment PIN_AE22 -to VGA_B[2]
set_location_assignment PIN_AF22 -to VGA_B[3]
set_location_assignment PIN_AH23 -to VGA_B[4]
set_location_assignment PIN_AH21 -to VGA_B[5]
set_location_assignment PIN_AH22 -to VGA_HS
set_location_assignment PIN_AG24 -to VGA_VS
set_location_assignment PIN_AH27 -to VGA_EN
set_instance_assignment -name WEAK_PULL_UP_RESISTOR ON -to VGA_EN
set_instance_assignment -name IO_STANDARD "3.3-V LVTTL" -to VGA_*
set_instance_assignment -name CURRENT_STRENGTH_NEW 8MA -to VGA_*
set_location_assignment PIN_AC24 -to AUDIO_L
set_location_assignment PIN_AE25 -to AUDIO_R
set_location_assignment PIN_AG26 -to AUDIO_SPDIF
set_instance_assignment -name IO_STANDARD "3.3-V LVTTL" -to AUDIO_*
set_instance_assignment -name CURRENT_STRENGTH_NEW 8MA -to AUDIO_*
set_location_assignment PIN_Y15 -to LED_USER
set_location_assignment PIN_AA15 -to LED_HDD
set_location_assignment PIN_AG28 -to LED_POWER
set_location_assignment PIN_AH24 -to BTN_USER
set_location_assignment PIN_AG25 -to BTN_OSD
set_location_assignment PIN_AG23 -to BTN_RESET
set_instance_assignment -name IO_STANDARD "3.3-V LVTTL" -to LED_*
set_instance_assignment -name IO_STANDARD "3.3-V LVTTL" -to BTN_*
set_instance_assignment -name WEAK_PULL_UP_RESISTOR ON -to BTN_*
source files.qip
set_global_assignment -name QIP_FILE rtl/tg68k/TG68K.qip
set_global_assignment -name VERILOG_FILE rtl/sdram.v
set_global_assignment -name VERILOG_FILE rtl/scsi.v
set_global_assignment -name SYSTEMVERILOG_FILE rtl/cd_audio.sv
set_global_assignment -name SYSTEMVERILOG_FILE rtl/ncr5380.sv
set_global_assignment -name SYSTEMVERILOG_FILE rtl/nubus/nubus_video_mdc824.sv
set_global_assignment -name SYSTEMVERILOG_FILE rtl/nubus/vram_ram.sv
# Option B (docs/VRAM_1MB_OPTIONS.md): card VRAM lives on the HPS DDR3
# channel instead of the SDRAM window. The THREE macros move TOGETHER (a
# tripwire in MacIIvi.sv enforces the pairing): with card VRAM on DDR3,
# sdram.v's window-release mechanism buys nothing and is unvalidated on
# hardware (the v2.2 wedge — docs/resume_2026-08-07_vram_1mb.md), and its
# video port is dead weight (ALMs + muxes on the clk_64 arbitration), so
# B builds compile both out and run the pre-release controller shape.
# Comment all three out to fall back to Option A.
# BISECT (2026-08-09, branch misc-fixes): owner reports game crashes with
# the DDR VRAM build — this build takes ONLY the DDR change out and puts
# Card VRAM shape (2026-08-10 rollback): 300KB hot BRAM + cold tail to the
# presented 512KB in the SDRAM window — the months-proven port-B scanout,
# restored after BOTH streamed backends (DDR3 and the SDRAM burst port)
# misbehaved on hardware. The streamed experiment (24bpp Millions, the
# window-release mechanism, mdc_scan_fetch/mdc_vram_ddr) lives in this
# branch's history from 8c60798 through eeb3393 if it is ever revisited.
# ^ bisect-retreat shape (2026-08-09, misc-fixes): card scans out of 300KB
# hot BRAM (MDC_VRAM_WORDS=153600 in MacIIvi.sv), so the SDRAM video port
# is dead weight again — compiled out along with the window-release. DDR
# stays off. The cold tail to 1MB still rides the SDRAM cpu slot.
set_global_assignment -name VERILOG_FILE rtl/floppy_track_encoder.v
set_global_assignment -name VERILOG_FILE rtl/floppy.v
set_global_assignment -name SYSTEMVERILOG_FILE rtl/ps2_kbd.sv
set_global_assignment -name SYSTEMVERILOG_FILE rtl/adb.sv
set_global_assignment -name VERILOG_FILE rtl/ps2_mouse.v
set_global_assignment -name VERILOG_FILE rtl/scc.v
set_global_assignment -name VERILOG_FILE rtl/uart/txuart.v
set_global_assignment -name VERILOG_FILE rtl/uart/rxuart.v
set_global_assignment -name VERILOG_FILE rtl/swim.v
set_global_assignment -name SYSTEMVERILOG_FILE rtl/via6522.sv
set_global_assignment -name VERILOG_FILE rtl/addrDecoder.v
set_global_assignment -name VERILOG_FILE rtl/addrController_top.v
set_global_assignment -name SYSTEMVERILOG_FILE rtl/dataController_top.sv
set_global_assignment -name SYSTEMVERILOG_FILE rtl/cuda_maclc.sv
set_global_assignment -name SYSTEMVERILOG_FILE rtl/egret_behavioral.sv
set_global_assignment -name SYSTEMVERILOG_FILE rtl/ariel_ramdac.sv
set_global_assignment -name SYSTEMVERILOG_FILE rtl/maclc_v8_video.sv
set_global_assignment -name SYSTEMVERILOG_FILE rtl/pseudovia.sv
set_global_assignment -name SYSTEMVERILOG_FILE rtl/asc.sv
set_global_assignment -name SYSTEMVERILOG_FILE rtl/egret/egret_wrapper.sv
set_global_assignment -name SYSTEMVERILOG_FILE rtl/egret/m68hc05_alu.sv
set_global_assignment -name SYSTEMVERILOG_FILE rtl/egret/m68hc05_core.sv
set_global_assignment -name SYSTEMVERILOG_FILE MacIIvi.sv
set_global_assignment -name SYSTEMVERILOG_FILE rtl/adb_device.sv
set_global_assignment -name SYSTEMVERILOG_FILE rtl/v8_clocks.sv

# Project timing constraints (read after sys/sys_top.sdc). Contains the TG68
# kernel multicycle required for reliable timing closure — see MacIIvi.sdc.
set_global_assignment -name SDC_FILE MacIIvi.sdc
set_instance_assignment -name PARTITION_HIERARCHY root_partition -to | -section_id Top

# ===== Fit-closure overrides (near-full design: ALM ~94%, RAM 95%) ============
# A clean from-scratch fit otherwise FAILS routing congestion (Quartus error
# 11802 / critical warning 188026), driven by heavy hold-delay insertion. These
# close it with all timing met (worst setup +0.166 ns on the HDMI/ascal domain,
# worst hold +0.244 ns):
#   * Aggressive routability        -> resolves the routing congestion.
#   * Register/logic duplication OFF -> overrides the ON's earlier in this file;
#     keeps ALM down so the HDMI setup recovers (it was -0.425 with dup left on).
# SEED history: 3 dropped ALM to 90% but broke CPU-domain (clk_sys) setup to
# -0.331 ns. 2 closed for a long stretch (+0.166..+0.183 HDMI worst) but the
# 2026-07-16 onesec-retune netlist rolled the HDMI divclk to -0.441 on it;
# sweep on that netlist: 4 -> -0.060 (HDMI divclk), 5 -> +0.081 all met. The
# violations were always HDMI-scaler-only; clk_sys/egret stayed >= +1.2.
# cd-changer netlist (1bebe75): 5 -> -0.200 (ascal o_hcpt, HDMI-only again;
# clk_sys +1.65); sweep hit first roll: 2 -> +0.109 all met, 522/553 M10K.
# family-sync netlist (ae54950): 2 -> +0.205 worst all met FIRST ROLL (HDMI
# setup +0.313, clk_sys +1.77); ALM 94%->97% (vol LUT + interp + anchor).
# option-B netlist (8bc03cb, DDR card VRAM + release swept): 2 -> -0.175
# TNS -3.3, 5 -> -0.106 TNS -0.106, 4 -> +0.123 ALL MET. HDMI-scaler-only
# throughout; clk_sys stayed >= +2.1. SEED left at 4.
# 24bpp netlist (5a6592d, no pad): 4 -> -0.048, 2 -> -0.008. Superseded.
# RELEASE netlist (8b43331 = B-shape trim + tripwire + 4:3 aspect, 50ps
# HDMI pad now ACTIVE in the sdc): 2 -> +0.003 PADDED (~+0.053 raw) all
# met FIRST ROLL; ALM 96% (port trim bought ~400), RAM 144/553. SEED 2.
# egret no_rw_check netlist (intram finally infers, -2,994 registers):
# 2 -> +0.096 PADDED (~+0.146 raw) all met FIRST ROLL; ALM 94%. The
# headroom visibly de-knifed the HDMI edge. SEED stays 2.
# soft-reboot netlist (e653e74 RESET-instruction peripheral reset):
# 2 -> +0.078 PADDED all met FIRST ROLL; ALM 94%. SEED stays 2.
# bisect netlist (misc-fixes: DDR out, SDRAM vid port back, release
# still out): 2 -> -0.196 TNS -2.4 (HDMI-only), 5 -> +0.060 PADDED all
# met; ALM 94%. SEED 5 on this branch.
# Per-fit law: every netlist change is a fresh roll — re-sweep, don't assume.
set_global_assignment -name FITTER_AGGRESSIVE_ROUTABILITY_OPTIMIZATION ALWAYS
set_global_assignment -name PHYSICAL_SYNTHESIS_REGISTER_DUPLICATION OFF
set_global_assignment -name ROUTER_LCELL_INSERTION_AND_LOGIC_DUPLICATION OFF
# ==============================================================================


set_global_assignment -name QIP_FILE sys/pll_cfg.qip
set_global_assignment -name SYSTEMVERILOG_FILE rtl/dbg_probes.sv
set_global_assignment -name VERILOG_FILE rtl/mfm_track_encoder.v
set_global_assignment -name SYSTEMVERILOG_FILE rtl/vram_bram.sv
set_global_assignment -name VERILOG_FILE rtl/pll_video.v

# --- m10k-repack tier 1: stop tiny delay-line shifters from eating M10K blocks.
# Baseline fit (2026-07-17 22:47, 543/553): 7 blocks held by altshift_taps at
# 1-4% utilization (shadowmask vid 324b, vga_out/vga_scaler_out din1 90/93b,
# yc phase 36b) plus 2 more by tiny core RAMs (adb kbdFifo 64b, swim
# ism_param 128b — those are pinned to MLAB in rtl/). Recognition-off is
# GLOBAL, not per-instance: Q17's shift-taps conversion works a global
# budget, so per-instance pins just moved the block to the next candidate
# (attempt 1 rolled ascal o_v_poly_phase_a2.t3 320b IN, attempt 2 vga_out
# csync1 78b, attempt 3 osd vga_osd de2 78b — whack-a-mole cannot converge).
# This core's COMPLETE altshift_taps inventory is junk-class (324/96/93/90/
# 36 bits; no 4-6Kbit ascal shifters like the ones MacLC deliberately kept),
# so global OFF costs at most ~640 registers and retires the whole class.
# Framework constrained from OUR qsf; sys/ stays stock per the framework
# files law. If a future port brings a legitimately BIG shifter, re-enable
# per-instance: ... AUTO_SHIFT_REGISTER_RECOGNITION ON -to "<instance>".
set_global_assignment -name AUTO_SHIFT_REGISTER_RECOGNITION OFF
